{
  "types": {
    "http": {
      "gref_hash": "5cfa57fe83d1201eb831cc168a5dbe9decaa6010603df244ca6855f2fe61440c",
      "type": "http:Root"
    },
    "sms": {
      "gref_hash": "9f3731cc47302939f352abadad67485a33ed9eb069680d1c83dfcd21f1656c5e",
      "type": "sms:Root"
    }
  },
  "imports": [
    {
      "name": "sms",
      "schema": {
        "types": [
          {
            "name": "Root",
            "description": "Send yourself text messages",
            "actions": [
              {
                "name": "configure",
                "description": "Configure your phone number to send and receive text messages.\nPrefix with country code, without a '+' sign.",
                "type": "Void",
                "params": [
                  {
                    "name": "number",
                    "type": "String"
                  }
                ],
                "hints": {}
              },
              {
                "name": "send",
                "description": "Sends an SMS to the configured phone number",
                "type": "Void",
                "params": [
                  {
                    "name": "message",
                    "type": "String"
                  }
                ],
                "hints": {}
              },
              {
                "name": "handleSms",
                "description": "Tells the user program that an sms was received. You don't normally have to use this.",
                "type": "Void",
                "params": [
                  {
                    "name": "message",
                    "type": "String"
                  }
                ],
                "hints": {
                  "hidden": true
                }
              }
            ],
            "fields": [
              {
                "name": "gref",
                "description": "A reference to this node",
                "type": "Ref",
                "ofType": "Root",
                "params": [],
                "hints": {}
              }
            ],
            "events": [
              {
                "name": "received",
                "description": "",
                "type": "ReceivedEvent",
                "params": [],
                "hints": {}
              }
            ]
          },
          {
            "name": "ReceivedEvent",
            "description": "",
            "actions": [],
            "fields": [
              {
                "name": "message",
                "description": "",
                "type": "String",
                "params": [],
                "hints": {}
              },
              {
                "name": "gref",
                "description": "A reference to this node",
                "type": "Ref",
                "ofType": "ReceivedEvent",
                "params": [],
                "hints": {}
              }
            ],
            "events": []
          }
        ],
        "imports": [
          {
            "name": "sys-process",
            "schema": {
              "types": [
                {
                  "name": "Root",
                  "description": "",
                  "actions": [],
                  "fields": [
                    {
                      "name": "endpointUrl",
                      "description": "Gets the program's own endpoint URL",
                      "type": "String",
                      "params": [],
                      "hints": {}
                    }
                  ],
                  "events": []
                }
              ],
              "imports": []
            },
            "source": {
              "Program": "tbd"
            }
          },
          {
            "name": "sys-clock",
            "schema": {
              "types": [
                {
                  "name": "Root",
                  "description": "",
                  "actions": [
                    {
                      "name": "sleep",
                      "description": "",
                      "type": "Void",
                      "params": [
                        {
                          "name": "key",
                          "type": "String"
                        },
                        {
                          "name": "seconds",
                          "type": "Float"
                        }
                      ],
                      "hints": {}
                    }
                  ],
                  "fields": [],
                  "events": [
                    {
                      "name": "timer",
                      "description": "",
                      "type": "TimerEvent",
                      "params": [
                        {
                          "name": "key",
                          "type": "String"
                        },
                        {
                          "name": "spec",
                          "type": "String"
                        },
                        {
                          "name": "maxCount",
                          "type": "Int"
                        }
                      ],
                      "hints": {}
                    },
                    {
                      "name": "timerAt",
                      "description": "",
                      "type": "TimerEvent",
                      "params": [
                        {
                          "name": "key",
                          "type": "String"
                        },
                        {
                          "name": "seconds",
                          "type": "String"
                        }
                      ],
                      "hints": {}
                    }
                  ]
                },
                {
                  "name": "TimerEvent",
                  "description": "",
                  "actions": [],
                  "fields": [
                    {
                      "name": "id",
                      "description": "",
                      "type": "String",
                      "params": [],
                      "hints": {}
                    }
                  ],
                  "events": []
                }
              ],
              "imports": []
            },
            "source": {
              "Program": "tbd"
            }
          },
          {
            "name": "sys-user",
            "schema": {
              "types": [
                {
                  "name": "Root",
                  "description": "",
                  "actions": [
                    {
                      "name": "configureSms",
                      "description": "",
                      "type": "Void",
                      "params": [
                        {
                          "name": "number",
                          "type": "String"
                        }
                      ],
                      "hints": {}
                    },
                    {
                      "name": "configureEmail",
                      "description": "",
                      "type": "Void",
                      "params": [
                        {
                          "name": "number",
                          "type": "String"
                        }
                      ],
                      "hints": {}
                    }
                  ],
                  "fields": [
                    {
                      "name": "sms",
                      "description": "",
                      "type": "SmsChannel",
                      "params": [],
                      "hints": {}
                    },
                    {
                      "name": "email",
                      "description": "",
                      "type": "EmailChannel",
                      "params": [],
                      "hints": {}
                    }
                  ],
                  "events": []
                },
                {
                  "name": "SmsChannel",
                  "description": "",
                  "actions": [
                    {
                      "name": "tell",
                      "description": "",
                      "type": "Void",
                      "params": [
                        {
                          "name": "message",
                          "type": "String"
                        }
                      ],
                      "hints": {}
                    },
                    {
                      "name": "ask",
                      "description": "",
                      "type": "String",
                      "params": [
                        {
                          "name": "question",
                          "type": "String"
                        }
                      ],
                      "hints": {}
                    }
                  ],
                  "fields": [],
                  "events": []
                },
                {
                  "name": "EmailChannel",
                  "description": "",
                  "actions": [
                    {
                      "name": "tell",
                      "description": "",
                      "type": "Void",
                      "params": [
                        {
                          "name": "message",
                          "type": "String"
                        }
                      ],
                      "hints": {}
                    },
                    {
                      "name": "ask",
                      "description": "",
                      "type": "String",
                      "params": [
                        {
                          "name": "question",
                          "type": "String"
                        }
                      ],
                      "hints": {}
                    }
                  ],
                  "fields": [],
                  "events": []
                }
              ],
              "imports": []
            },
            "source": {
              "Program": "tbd"
            }
          },
          {
            "name": "sys-clock",
            "schema": {
              "types": [
                {
                  "name": "Root",
                  "description": "",
                  "actions": [
                    {
                      "name": "sleep",
                      "description": "",
                      "type": "Void",
                      "params": [
                        {
                          "name": "key",
                          "type": "String"
                        },
                        {
                          "name": "seconds",
                          "type": "Float"
                        }
                      ],
                      "hints": {}
                    }
                  ],
                  "fields": [],
                  "events": [
                    {
                      "name": "timer",
                      "description": "",
                      "type": "TimerEvent",
                      "params": [
                        {
                          "name": "key",
                          "type": "String"
                        },
                        {
                          "name": "spec",
                          "type": "String"
                        },
                        {
                          "name": "maxCount",
                          "type": "Int"
                        }
                      ],
                      "hints": {}
                    },
                    {
                      "name": "timerAt",
                      "description": "",
                      "type": "TimerEvent",
                      "params": [
                        {
                          "name": "key",
                          "type": "String"
                        },
                        {
                          "name": "seconds",
                          "type": "String"
                        }
                      ],
                      "hints": {}
                    }
                  ]
                },
                {
                  "name": "TimerEvent",
                  "description": "",
                  "actions": [],
                  "fields": [
                    {
                      "name": "id",
                      "description": "",
                      "type": "String",
                      "params": [],
                      "hints": {}
                    }
                  ],
                  "events": []
                }
              ],
              "imports": []
            },
            "source": {
              "Program": ""
            }
          },
          {
            "name": "sys-process",
            "schema": {
              "types": [
                {
                  "name": "Root",
                  "description": "",
                  "actions": [],
                  "fields": [
                    {
                      "name": "endpointUrl",
                      "description": "Gets the program's own endpoint URL",
                      "type": "String",
                      "params": [],
                      "hints": {}
                    }
                  ],
                  "events": []
                }
              ],
              "imports": []
            },
            "source": {
              "Program": ""
            }
          }
        ]
      },
      "source": {
        "Program": "tbd"
      }
    },
    {
      "name": "http",
      "schema": {
        "types": [
          {
            "name": "Root",
            "description": "Make HTTP requests",
            "actions": [
              {
                "name": "post",
                "description": "Performs a POST request",
                "type": "Resource",
                "params": [
                  {
                    "name": "url",
                    "type": "String"
                  },
                  {
                    "name": "headers",
                    "type": "String"
                  },
                  {
                    "name": "body",
                    "type": "String"
                  }
                ],
                "hints": {}
              },
              {
                "name": "put",
                "description": "Performs a PUT request",
                "type": "Resource",
                "params": [
                  {
                    "name": "url",
                    "type": "String"
                  },
                  {
                    "name": "headers",
                    "type": "String"
                  },
                  {
                    "name": "body",
                    "type": "String"
                  }
                ],
                "hints": {}
              },
              {
                "name": "patch",
                "description": "Performs a PATCH request",
                "type": "Resource",
                "params": [
                  {
                    "name": "url",
                    "type": "String"
                  },
                  {
                    "name": "headers",
                    "type": "String"
                  },
                  {
                    "name": "body",
                    "type": "String"
                  }
                ],
                "hints": {}
              },
              {
                "name": "delete",
                "description": "Performs a DELETE request",
                "type": "Resource",
                "params": [
                  {
                    "name": "url",
                    "type": "String"
                  },
                  {
                    "name": "headers",
                    "type": "String"
                  },
                  {
                    "name": "body",
                    "type": "String"
                  }
                ],
                "hints": {}
              }
            ],
            "fields": [
              {
                "name": "status",
                "description": "",
                "type": "String",
                "params": [],
                "hints": {}
              },
              {
                "name": "get",
                "description": "A resource obtained via a GET request",
                "type": "Resource",
                "params": [
                  {
                    "name": "url",
                    "type": "String"
                  },
                  {
                    "name": "headers",
                    "type": "String"
                  }
                ],
                "hints": {}
              },
              {
                "name": "authenticated",
                "description": "An HTTP client that can make authenticated requests using Membrane's Transparent Authentication. Used by drivers to use avoid requiring an API key/secret pair.",
                "type": "Authenticated",
                "params": [
                  {
                    "name": "api",
                    "type": "String"
                  },
                  {
                    "name": "authId",
                    "type": "Ref",
                    "ofType": "String"
                  }
                ],
                "hints": {}
              },
              {
                "name": "gref",
                "description": "A reference to this node",
                "type": "Ref",
                "ofType": "Root",
                "params": [],
                "hints": {}
              }
            ],
            "events": []
          },
          {
            "name": "Resource",
            "description": "An HTTP response",
            "actions": [],
            "fields": [
              {
                "name": "status",
                "description": "HTTP status code",
                "type": "Int",
                "params": [],
                "hints": {}
              },
              {
                "name": "headers",
                "description": "HTTP headers returned by server",
                "type": "String",
                "params": [],
                "hints": {}
              },
              {
                "name": "body",
                "description": "Body of the request as a string",
                "type": "String",
                "params": [],
                "hints": {}
              },
              {
                "name": "gref",
                "description": "A reference to this node",
                "type": "Ref",
                "ofType": "Resource",
                "params": [],
                "hints": {}
              }
            ],
            "events": []
          },
          {
            "name": "Authenticated",
            "description": "",
            "actions": [
              {
                "name": "createLink",
                "description": "Creates a link to authenticate the user with an API and enable Membrane's Transparent Auth. Valid values for `api`: `google-docs`",
                "type": "String",
                "params": [],
                "hints": {}
              },
              {
                "name": "post",
                "description": "Performs a POST request",
                "type": "Resource",
                "params": [
                  {
                    "name": "url",
                    "type": "String"
                  },
                  {
                    "name": "headers",
                    "type": "String"
                  },
                  {
                    "name": "body",
                    "type": "String"
                  }
                ],
                "hints": {}
              },
              {
                "name": "put",
                "description": "Performs a PUT request",
                "type": "Resource",
                "params": [
                  {
                    "name": "url",
                    "type": "String"
                  },
                  {
                    "name": "headers",
                    "type": "String"
                  },
                  {
                    "name": "body",
                    "type": "String"
                  }
                ],
                "hints": {}
              },
              {
                "name": "patch",
                "description": "Performs a PATCH request",
                "type": "Resource",
                "params": [
                  {
                    "name": "url",
                    "type": "String"
                  },
                  {
                    "name": "headers",
                    "type": "String"
                  },
                  {
                    "name": "body",
                    "type": "String"
                  }
                ],
                "hints": {}
              },
              {
                "name": "delete",
                "description": "Performs a DELETE request",
                "type": "Resource",
                "params": [
                  {
                    "name": "url",
                    "type": "String"
                  },
                  {
                    "name": "headers",
                    "type": "String"
                  },
                  {
                    "name": "body",
                    "type": "String"
                  }
                ],
                "hints": {}
              }
            ],
            "fields": [
              {
                "name": "get",
                "description": "A resource obtained via a GET request",
                "type": "Resource",
                "params": [
                  {
                    "name": "url",
                    "type": "String"
                  },
                  {
                    "name": "headers",
                    "type": "String"
                  }
                ],
                "hints": {}
              },
              {
                "name": "hasAuthenticated",
                "description": "Whether the user has authenticated with this API",
                "type": "Boolean",
                "params": [],
                "hints": {}
              },
              {
                "name": "gref",
                "description": "A reference to this node",
                "type": "Ref",
                "ofType": "Authenticated",
                "params": [],
                "hints": {}
              }
            ],
            "events": []
          }
        ],
        "imports": [
          {
            "name": "sys-http",
            "schema": {
              "types": [
                {
                  "name": "Root",
                  "description": "",
                  "actions": [
                    {
                      "name": "post",
                      "description": "",
                      "type": "Resource",
                      "params": [
                        {
                          "name": "url",
                          "type": "String"
                        },
                        {
                          "name": "headers",
                          "type": "String"
                        },
                        {
                          "name": "body",
                          "type": "String"
                        }
                      ],
                      "hints": {}
                    },
                    {
                      "name": "put",
                      "description": "",
                      "type": "Resource",
                      "params": [
                        {
                          "name": "url",
                          "type": "String"
                        },
                        {
                          "name": "headers",
                          "type": "String"
                        },
                        {
                          "name": "body",
                          "type": "String"
                        }
                      ],
                      "hints": {}
                    },
                    {
                      "name": "patch",
                      "description": "",
                      "type": "Resource",
                      "params": [
                        {
                          "name": "url",
                          "type": "String"
                        },
                        {
                          "name": "headers",
                          "type": "String"
                        },
                        {
                          "name": "body",
                          "type": "String"
                        }
                      ],
                      "hints": {}
                    },
                    {
                      "name": "delete",
                      "description": "",
                      "type": "Resource",
                      "params": [
                        {
                          "name": "url",
                          "type": "String"
                        },
                        {
                          "name": "headers",
                          "type": "String"
                        },
                        {
                          "name": "body",
                          "type": "String"
                        }
                      ],
                      "hints": {}
                    }
                  ],
                  "fields": [
                    {
                      "name": "get",
                      "description": "",
                      "type": "Resource",
                      "params": [
                        {
                          "name": "url",
                          "type": "String"
                        },
                        {
                          "name": "headers",
                          "type": "String"
                        }
                      ],
                      "hints": {}
                    },
                    {
                      "name": "authenticated",
                      "description": "An HTTP client that can make authenticated requests using Membrane's Transparent Authentication. Used by drivers to use avoid requiring an API key/secret pair.",
                      "type": "Authenticated",
                      "params": [
                        {
                          "name": "api",
                          "type": "String"
                        },
                        {
                          "name": "authId",
                          "type": "Ref",
                          "ofType": "String"
                        }
                      ],
                      "hints": {}
                    }
                  ],
                  "events": []
                },
                {
                  "name": "Resource",
                  "description": "",
                  "actions": [],
                  "fields": [
                    {
                      "name": "status",
                      "description": "",
                      "type": "Int",
                      "params": [],
                      "hints": {}
                    },
                    {
                      "name": "headers",
                      "description": "",
                      "type": "String",
                      "params": [],
                      "hints": {}
                    },
                    {
                      "name": "body",
                      "description": "",
                      "type": "String",
                      "params": [],
                      "hints": {}
                    }
                  ],
                  "events": []
                },
                {
                  "name": "Authenticated",
                  "description": "",
                  "actions": [
                    {
                      "name": "createLink",
                      "description": "Creates a link to authenticate the user with this API",
                      "type": "String",
                      "params": [],
                      "hints": {}
                    },
                    {
                      "name": "post",
                      "description": "",
                      "type": "Resource",
                      "params": [
                        {
                          "name": "url",
                          "type": "String"
                        },
                        {
                          "name": "headers",
                          "type": "String"
                        },
                        {
                          "name": "body",
                          "type": "String"
                        }
                      ],
                      "hints": {}
                    },
                    {
                      "name": "put",
                      "description": "",
                      "type": "Resource",
                      "params": [
                        {
                          "name": "url",
                          "type": "String"
                        },
                        {
                          "name": "headers",
                          "type": "String"
                        },
                        {
                          "name": "body",
                          "type": "String"
                        }
                      ],
                      "hints": {}
                    },
                    {
                      "name": "patch",
                      "description": "",
                      "type": "Resource",
                      "params": [
                        {
                          "name": "url",
                          "type": "String"
                        },
                        {
                          "name": "headers",
                          "type": "String"
                        },
                        {
                          "name": "body",
                          "type": "String"
                        }
                      ],
                      "hints": {}
                    },
                    {
                      "name": "delete",
                      "description": "",
                      "type": "Resource",
                      "params": [
                        {
                          "name": "url",
                          "type": "String"
                        },
                        {
                          "name": "headers",
                          "type": "String"
                        },
                        {
                          "name": "body",
                          "type": "String"
                        }
                      ],
                      "hints": {}
                    }
                  ],
                  "fields": [
                    {
                      "name": "get",
                      "description": "",
                      "type": "Resource",
                      "params": [
                        {
                          "name": "url",
                          "type": "String"
                        },
                        {
                          "name": "headers",
                          "type": "String"
                        }
                      ],
                      "hints": {}
                    },
                    {
                      "name": "hasAuthenticated",
                      "description": "Whether the user has authenticated with this API",
                      "type": "Boolean",
                      "params": [],
                      "hints": {}
                    }
                  ],
                  "events": []
                }
              ],
              "imports": []
            },
            "source": {
              "Program": "tbd"
            }
          },
          {
            "name": "sys-clock",
            "schema": {
              "types": [
                {
                  "name": "Root",
                  "description": "",
                  "actions": [
                    {
                      "name": "sleep",
                      "description": "",
                      "type": "Void",
                      "params": [
                        {
                          "name": "key",
                          "type": "String"
                        },
                        {
                          "name": "seconds",
                          "type": "Float"
                        }
                      ],
                      "hints": {}
                    }
                  ],
                  "fields": [],
                  "events": [
                    {
                      "name": "timer",
                      "description": "",
                      "type": "TimerEvent",
                      "params": [
                        {
                          "name": "key",
                          "type": "String"
                        },
                        {
                          "name": "spec",
                          "type": "String"
                        },
                        {
                          "name": "maxCount",
                          "type": "Int"
                        }
                      ],
                      "hints": {}
                    },
                    {
                      "name": "timerAt",
                      "description": "",
                      "type": "TimerEvent",
                      "params": [
                        {
                          "name": "key",
                          "type": "String"
                        },
                        {
                          "name": "seconds",
                          "type": "String"
                        }
                      ],
                      "hints": {}
                    }
                  ]
                },
                {
                  "name": "TimerEvent",
                  "description": "",
                  "actions": [],
                  "fields": [
                    {
                      "name": "id",
                      "description": "",
                      "type": "String",
                      "params": [],
                      "hints": {}
                    }
                  ],
                  "events": []
                }
              ],
              "imports": []
            },
            "source": {
              "Program": ""
            }
          },
          {
            "name": "sys-process",
            "schema": {
              "types": [
                {
                  "name": "Root",
                  "description": "",
                  "actions": [],
                  "fields": [
                    {
                      "name": "endpointUrl",
                      "description": "Gets the program's own endpoint URL",
                      "type": "String",
                      "params": [],
                      "hints": {}
                    }
                  ],
                  "events": []
                }
              ],
              "imports": []
            },
            "source": {
              "Program": ""
            }
          }
        ]
      },
      "source": {
        "Program": "tbd"
      }
    }
  ]
}